
Microsoft Visual Studio Solution File, Format Version 12.00
# Visual Studio Version 17
VisualStudioVersion = 17.10.34928.147
MinimumVisualStudioVersion = 10.0.40219.1
Project("{F184B08F-C81C-45F6-A57F-5ABD9991F28F}") = "UnPack", "UnPack\UnPack.vbproj", "{4CC91E52-8D97-4BDF-9301-F683802F3181}"
EndProject
Global
	GlobalSection(SolutionConfigurationPlatforms) = preSolution
		Debug|Any CPU = Debug|Any CPU
		Release|Any CPU = Release|Any CPU
	EndGlobalSection
	GlobalSection(ProjectConfigurationPlatforms) = postSolution
		{4CC91E52-8D97-4BDF-9301-F683802F3181}.Debug|Any CPU.ActiveCfg = Debug|Any CPU
		{4CC91E52-8D97-4BDF-9301-F683802F3181}.Debug|Any CPU.Build.0 = Debug|Any CPU
		{4CC91E52-8D97-4BDF-9301-F683802F3181}.Release|Any CPU.ActiveCfg = Release|Any CPU
		{4CC91E52-8D97-4BDF-9301-F683802F3181}.Release|Any CPU.Build.0 = Release|Any CPU
	EndGlobalSection
	GlobalSection(SolutionProperties) = preSolution
		HideSolutionNode = FALSE
	EndGlobalSection
	GlobalSection(ExtensibilityGlobals) = postSolution
		SolutionGuid = {5125E4AE-C393-4A12-B670-AD1A0A9E5E4F}
	EndGlobalSection
EndGlobal
